// !$*UTF8*$!
{
	archiveVersion = 1;
	classes = {
	};
	objectVersion = 77;
	objects = {

/* Begin PBXBuildFile section */
		199EB7A02F73EDAE00627803 /* README_Bachelor_Navigation_Project.md in Resources */ = {isa = PBXBuildFile; fileRef = 199EB79F2F73EDAE00627803 /* README_Bachelor_Navigation_Project.md */; };
		199EB7A22F73EDEC00627803 /* CLAUDE_Bachelor_Project.md in Resources */ = {isa = PBXBuildFile; fileRef = 199EB7A12F73EDEC00627803 /* CLAUDE_Bachelor_Project.md */; };
/* End PBXBuildFile section */

/* Begin PBXContainerItemProxy section */
		1927F8F52F6022EA005AAAF5 /* PBXContainerItemProxy */ = {
			isa = PBXContainerItemProxy;
			containerPortal = 1927F8DF2F6022E9005AAAF5 /* Project object */;
			proxyType = 1;
			remoteGlobalIDString = 1927F8E62F6022E9005AAAF5;
			remoteInfo = BachelorUIUX;
		};
		1927F8FF2F6022EA005AAAF5 /* PBXContainerItemProxy */ = {
			isa = PBXContainerItemProxy;
			containerPortal = 1927F8DF2F6022E9005AAAF5 /* Project object */;
			proxyType = 1;
			remoteGlobalIDString = 1927F8E62F6022E9005AAAF5;
			remoteInfo = BachelorUIUX;
		};
/* End PBXContainerItemProxy section */

/* Begin PBXFileReference section */
		1927F8E72F6022E9005AAAF5 /* BachelorUIUX.app */ = {isa = PBXFileReference; explicitFileType = wrapper.application; includeInIndex = 0; path = BachelorUIUX.app; sourceTree = BUILT_PRODUCTS_DIR; };
		1927F8F42F6022EA005AAAF5 /* BachelorUIUXTests.xctest */ = {isa = PBXFileReference; explicitFileType = wrapper.cfbundle; includeInIndex = 0; path = BachelorUIUXTests.xctest; sourceTree = BUILT_PRODUCTS_DIR; };
		1927F8FE2F6022EA005AAAF5 /* BachelorUIUXUITests.xctest */ = {isa = PBXFileReference; explicitFileType = wrapper.cfbundle; includeInIndex = 0; path = BachelorUIUXUITests.xctest; sourceTree = BUILT_PRODUCTS_DIR; };
		199EB79F2F73EDAE00627803 /* README_Bachelor_Navigation_Project.md */ = {isa = PBXFileReference; lastKnownFileType = net.daringfireball.markdown; path = README_Bachelor_Navigation_Project.md; sourceTree = "<group>"; };
		199EB7A12F73EDEC00627803 /* CLAUDE_Bachelor_Project.md */ = {isa = PBXFileReference; lastKnownFileType = net.daringfireball.markdown; path = CLAUDE_Bachelor_Project.md; sourceTree = "<group>"; };
		199EB7BB2F73EE6300627803 /* .gitignore */ = {isa = PBXFileReference; lastKnownFileType = text; path = .gitignore; sourceTree = "<group>"; };
/* End PBXFileReference section */

/* Begin PBXFileSystemSynchronizedRootGroup section */
		1927F8E92F6022E9005AAAF5 /* BachelorUIUX */ = {
			isa = PBXFileSystemSynchronizedRootGroup;
			path = BachelorUIUX;
			sourceTree = "<group>";
		};
		1927F8F72F6022EA005AAAF5 /* BachelorUIUXTests */ = {
			isa = PBXFileSystemSynchronizedRootGroup;
			path = BachelorUIUXTests;
			sourceTree = "<group>";
		};
		1927F9012F6022EA005AAAF5 /* BachelorUIUXUITests */ = {
			isa = PBXFileSystemSynchronizedRootGroup;
			path = BachelorUIUXUITests;
			sourceTree = "<group>";
		};
/* End PBXFileSystemSynchronizedRootGroup section */

/* Begin PBXFrameworksBuildPhase section */
		1927F8E42F6022E9005AAAF5 /* Frameworks */ = {
			isa = PBXFrameworksBuildPhase;
			buildActionMask = 2147483647;
			files = (
			);
			runOnlyForDeploymentPostprocessing = 0;
		};
		1927F8F12F6022EA005AAAF5 /* Frameworks */ = {
			isa = PBXFrameworksBuildPhase;
			buildActionMask = 2147483647;
			files = (
			);
			runOnlyForDeploymentPostprocessing = 0;
		};
		1927F8FB2F6022EA005AAAF5 /* Frameworks */ = {
			isa = PBXFrameworksBuildPhase;
			buildActionMask = 2147483647;
			files = (
			);
			runOnlyForDeploymentPostprocessing = 0;
		};
/* End PBXFrameworksBuildPhase section */

/* Begin PBXGroup section */
		1927F8DE2F6022E9005AAAF5 = {
			isa = PBXGroup;
			children = (
				1927F8E92F6022E9005AAAF5 /* BachelorUIUX */,
				1927F8F72F6022EA005AAAF5 /* BachelorUIUXTests */,
				1927F9012F6022EA005AAAF5 /* BachelorUIUXUITests */,
				1927F8E82F6022E9005AAAF5 /* Products */,
				199EB79F2F73EDAE00627803 /* README_Bachelor_Navigation_Project.md */,
				199EB7A12F73EDEC00627803 /* CLAUDE_Bachelor_Project.md */,
				199EB7BB2F73EE6300627803 /* .gitignore */,
			);
			sourceTree = "<group>";
		};
		1927F8E82F6022E9005AAAF5 /* Products */ = {
			isa = PBXGroup;
			children = (
				1927F8E72F6022E9005AAAF5 /* BachelorUIUX.app */,
				1927F8F42F6022EA005AAAF5 /* BachelorUIUXTests.xctest */,
				1927F8FE2F6022EA005AAAF5 /* BachelorUIUXUITests.xctest */,
			);
			name = Products;
			sourceTree = "<group>";
		};
/* End PBXGroup section */

/* Begin PBXNativeTarget section */
		1927F8E62F6022E9005AAAF5 /* BachelorUIUX */ = {
			isa = PBXNativeTarget;
			buildConfigurationList = 1927F9082F6022EA005AAAF5 /* Build configuration list for PBXNativeTarget "BachelorUIUX" */;
			buildPhases = (
				1927F8E32F6022E9005AAAF5 /* Sources */,
				1927F8E42F6022E9005AAAF5 /* Frameworks */,
				1927F8E52F6022E9005AAAF5 /* Resources */,
			);
			buildRules = (
			);
			dependencies = (
			);
			fileSystemSynchronizedGroups = (
				1927F8E92F6022E9005AAAF5 /* BachelorUIUX */,
			);
			name = BachelorUIUX;
			packageProductDependencies = (
			);
			productName = BachelorUIUX;
			productReference = 1927F8E72F6022E9005AAAF5 /* BachelorUIUX.app */;
			productType = "com.apple.product-type.application";
		};
		1927F8F32F6022EA005AAAF5 /* BachelorUIUXTests */ = {
			isa = PBXNativeTarget;
			buildConfigurationList = 1927F90B2F6022EA005AAAF5 /* Build configuration list for PBXNativeTarget "BachelorUIUXTests" */;
			buildPhases = (
				1927F8F02F6022EA005AAAF5 /* Sources */,
				1927F8F12F6022EA005AAAF5 /* Frameworks */,
				1927F8F22F6022EA005AAAF5 /* Resources */,
			);
			buildRules = (
			);
			dependencies = (
				1927F8F62F6022EA005AAAF5 /* PBXTargetDependency */,
			);
			fileSystemSynchronizedGroups = (
				1927F8F72F6022EA005AAAF5 /* BachelorUIUXTests */,
			);
			name = BachelorUIUXTests;
			packageProductDependencies = (
			);
			productName = BachelorUIUXTests;
			productReference = 1927F8F42F6022EA005AAAF5 /* BachelorUIUXTests.xctest */;
			productType = "com.apple.product-type.bundle.unit-test";
		};
		1927F8FD2F6022EA005AAAF5 /* BachelorUIUXUITests */ = {
			isa = PBXNativeTarget;
			buildConfigurationList = 1927F90E2F6022EA005AAAF5 /* Build configuration list for PBXNativeTarget "BachelorUIUXUITests" */;
			buildPhases = (
				1927F8FA2F6022EA005AAAF5 /* Sources */,
				1927F8FB2F6022EA005AAAF5 /* Frameworks */,
				1927F8FC2F6022EA005AAAF5 /* Resources */,
			);
			buildRules = (
			);
			dependencies = (
				1927F9002F6022EA005AAAF5 /* PBXTargetDependency */,
			);
			fileSystemSynchronizedGroups = (
				1927F9012F6022EA005AAAF5 /* BachelorUIUXUITests */,
			);
			name = BachelorUIUXUITests;
			packageProductDependencies = (
			);
			productName = BachelorUIUXUITests;
			productReference = 1927F8FE2F6022EA005AAAF5 /* BachelorUIUXUITests.xctest */;
			productType = "com.apple.product-type.bundle.ui-testing";
		};
/* End PBXNativeTarget section */

/* Begin PBXProject section */
		1927F8DF2F6022E9005AAAF5 /* Project object */ = {
			isa = PBXProject;
			attributes = {
				BuildIndependentTargetsInParallel = 1;
				LastSwiftUpdateCheck = 2630;
				LastUpgradeCheck = 2630;
				TargetAttributes = {
					1927F8E62F6022E9005AAAF5 = {
						CreatedOnToolsVersion = 26.3;
					};
					1927F8F32F6022EA005AAAF5 = {
						CreatedOnToolsVersion = 26.3;
						TestTargetID = 1927F8E62F6022E9005AAAF5;
					};
					1927F8FD2F6022EA005AAAF5 = {
						CreatedOnToolsVersion = 26.3;
						TestTargetID = 1927F8E62F6022E9005AAAF5;
					};
				};
			};
			buildConfigurationList = 1927F8E22F6022E9005AAAF5 /* Build configuration list for PBXProject "BachelorUIUX" */;
			developmentRegion = en;
			hasScannedForEncodings = 0;
			knownRegions = (
				en,
				Base,
			);
			mainGroup = 1927F8DE2F6022E9005AAAF5;
			minimizedProjectReferenceProxies = 1;
			preferredProjectObjectVersion = 77;
			productRefGroup = 1927F8E82F6022E9005AAAF5 /* Products */;
			projectDirPath = "";
			projectRoot = "";
			targets = (
				1927F8E62F6022E9005AAAF5 /* BachelorUIUX */,
				1927F8F32F6022EA005AAAF5 /* BachelorUIUXTests */,
				1927F8FD2F6022EA005AAAF5 /* BachelorUIUXUITests */,
			);
		};
/* End PBXProject section */

/* Begin PBXResourcesBuildPhase section */
		1927F8E52F6022E9005AAAF5 /* Resources */ = {
			isa = PBXResourcesBuildPhase;
			buildActionMask = 2147483647;
			files = (
				199EB7A22F73EDEC00627803 /* CLAUDE_Bachelor_Project.md in Resources */,
				199EB7A02F73EDAE00627803 /* README_Bachelor_Navigation_Project.md in Resources */,
			);
			runOnlyForDeploymentPostprocessing = 0;
		};
		1927F8F22F6022EA005AAAF5 /* Resources */ = {
			isa = PBXResourcesBuildPhase;
			buildActionMask = 2147483647;
			files = (
			);
			runOnlyForDeploymentPostprocessing = 0;
		};
		1927F8FC2F6022EA005AAAF5 /* Resources */ = {
			isa = PBXResourcesBuildPhase;
			buildActionMask = 2147483647;
			files = (
			);
			runOnlyForDeploymentPostprocessing = 0;
		};
/* End PBXResourcesBuildPhase section */

/* Begin PBXSourcesBuildPhase section */
		1927F8E32F6022E9005AAAF5 /* Sources */ = {
			isa = PBXSourcesBuildPhase;
			buildActionMask = 2147483647;
			files = (
			);
			runOnlyForDeploymentPostprocessing = 0;
		};
		1927F8F02F6022EA005AAAF5 /* Sources */ = {
			isa = PBXSourcesBuildPhase;
			buildActionMask = 2147483647;
			files = (
			);
			runOnlyForDeploymentPostprocessing = 0;
		};
		1927F8FA2F6022EA005AAAF5 /* Sources */ = {
			isa = PBXSourcesBuildPhase;
			buildActionMask = 2147483647;
			files = (
			);
			runOnlyForDeploymentPostprocessing = 0;
		};
/* End PBXSourcesBuildPhase section */

/* Begin PBXTargetDependency section */
		1927F8F62F6022EA005AAAF5 /* PBXTargetDependency */ = {
			isa = PBXTargetDependency;
			target = 1927F8E62F6022E9005AAAF5 /* BachelorUIUX */;
			targetProxy = 1927F8F52F6022EA005AAAF5 /* PBXContainerItemProxy */;
		};
		1927F9002F6022EA005AAAF5 /* PBXTargetDependency */ = {
			isa = PBXTargetDependency;
			target = 1927F8E62F6022E9005AAAF5 /* BachelorUIUX */;
			targetProxy = 1927F8FF2F6022EA005AAAF5 /* PBXContainerItemProxy */;
		};
/* End PBXTargetDependency section */

/* Begin XCBuildConfiguration section */
		1927F9062F6022EA005AAAF5 /* Debug */ = {
			isa = XCBuildConfiguration;
			buildSettings = {
				ALWAYS_SEARCH_USER_PATHS = NO;
				ASSETCATALOG_COMPILER_GENERATE_SWIFT_ASSET_SYMBOL_EXTENSIONS = YES;
				CLANG_ANALYZER_NONNULL = YES;
				CLANG_ANALYZER_NUMBER_OBJECT_CONVERSION = YES_AGGRESSIVE;
				CLANG_CXX_LANGUAGE_STANDARD = "gnu++20";
				CLANG_ENABLE_MODULES = YES;
				CLANG_ENABLE_OBJC_ARC = YES;
				CLANG_ENABLE_OBJC_WEAK = YES;
				CLANG_WARN_BLOCK_CAPTURE_AUTORELEASING = YES;
				CLANG_WARN_BOOL_CONVERSION = YES;
				CLANG_WARN_COMMA = YES;
				CLANG_WARN_CONSTANT_CONVERSION = YES;
				CLANG_WARN_DEPRECATED_OBJC_IMPLEMENTATIONS = YES;
				CLANG_WARN_DIRECT_OBJC_ISA_USAGE = YES_ERROR;
				CLANG_WARN_DOCUMENTATION_COMMENTS = YES;
				CLANG_WARN_EMPTY_BODY = YES;
				CLANG_WARN_ENUM_CONVERSION = YES;
				CLANG_WARN_INFINITE_RECURSION = YES;
				CLANG_WARN_INT_CONVERSION = YES;
				CLANG_WARN_NON_LITERAL_NULL_CONVERSION = YES;
				CLANG_WARN_OBJC_IMPLICIT_RETAIN_SELF = YES;
				CLANG_WARN_OBJC_LITERAL_CONVERSION = YES;
				CLANG_WARN_OBJC_ROOT_CLASS = YES_ERROR;
				CLANG_WARN_QUOTED_INCLUDE_IN_FRAMEWORK_HEADER = YES;
				CLANG_WARN_RANGE_LOOP_ANALYSIS = YES;
				CLANG_WARN_STRICT_PROTOTYPES = YES;
				CLANG_WARN_SUSPICIOUS_MOVE = YES;
				CLANG_WARN_UNGUARDED_AVAILABILITY = YES_AGGRESSIVE;
				CLANG_WARN_UNREACHABLE_CODE = YES;
				CLANG_WARN__DUPLICATE_METHOD_MATCH = YES;
				COPY_PHASE_STRIP = NO;
				DEBUG_INFORMATION_FORMAT = dwarf;
				DEVELOPMENT_TEAM = 7N43PM3346;
				ENABLE_STRICT_OBJC_MSGSEND = YES;
				ENABLE_TESTABILITY = YES;
				ENABLE_USER_SCRIPT_SANDBOXING = YES;
				GCC_C_LANGUAGE_STANDARD = gnu17;
				GCC_DYNAMIC_NO_PIC = NO;
				GCC_NO_COMMON_BLOCKS = YES;
				GCC_OPTIMIZATION_LEVEL = 0;
				GCC_PREPROCESSOR_DEFINITIONS = (
					"DEBUG=1",
					"$(inherited)",
				);
				GCC_WARN_64_TO_32_BIT_CONVERSION = YES;
				GCC_WARN_ABOUT_RETURN_TYPE = YES_ERROR;
				GCC_WARN_UNDECLARED_SELECTOR = YES;
				GCC_WARN_UNINITIALIZED_AUTOS = YES_AGGRESSIVE;
				GCC_WARN_UNUSED_FUNCTION = YES;
				GCC_WARN_UNUSED_VARIABLE = YES;
				IPHONEOS_DEPLOYMENT_TARGET = 26.2;
				LOCALIZATION_PREFERS_STRING_CATALOGS = YES;
				MTL_ENABLE_DEBUG_INFO = INCLUDE_SOURCE;
				MTL_FAST_MATH = YES;
				ONLY_ACTIVE_ARCH = YES;
				SDKROOT = iphoneos;
				SWIFT_ACTIVE_COMPILATION_CONDITIONS = "DEBUG $(inherited)";
				SWIFT_OPTIMIZATION_LEVEL = "-Onone";
			};
			name = Debug;
		};
		1927F9072F6022EA005AAAF5 /* Release */ = {
			isa = XCBuildConfiguration;
			buildSettings = {
				ALWAYS_SEARCH_USER_PATHS = NO;
				ASSETCATALOG_COMPILER_GENERATE_SWIFT_ASSET_SYMBOL_EXTENSIONS = YES;
				CLANG_ANALYZER_NONNULL = YES;
				CLANG_ANALYZER_NUMBER_OBJECT_CONVERSION = YES_AGGRESSIVE;
				CLANG_CXX_LANGUAGE_STANDARD = "gnu++20";
				CLANG_ENABLE_MODULES = YES;
				CLANG_ENABLE_OBJC_ARC = YES;
				CLANG_ENABLE_OBJC_WEAK = YES;
				CLANG_WARN_BLOCK_CAPTURE_AUTORELEASING = YES;
				CLANG_WARN_BOOL_CONVERSION = YES;
				CLANG_WARN_COMMA = YES;
				CLANG_WARN_CONSTANT_CONVERSION = YES;
				CLANG_WARN_DEPRECATED_OBJC_IMPLEMENTATIONS = YES;
				CLANG_WARN_DIRECT_OBJC_ISA_USAGE = YES_ERROR;
				CLANG_WARN_DOCUMENTATION_COMMENTS = YES;
				CLANG_WARN_EMPTY_BODY = YES;
				CLANG_WARN_ENUM_CONVERSION = YES;
				CLANG_WARN_INFINITE_RECURSION = YES;
				CLANG_WARN_INT_CONVERSION = YES;
				CLANG_WARN_NON_LITERAL_NULL_CONVERSION = YES;
				CLANG_WARN_OBJC_IMPLICIT_RETAIN_SELF = YES;
				CLANG_WARN_OBJC_LITERAL_CONVERSION = YES;
				CLANG_WARN_OBJC_ROOT_CLASS = YES_ERROR;
				CLANG_WARN_QUOTED_INCLUDE_IN_FRAMEWORK_HEADER = YES;
				CLANG_WARN_RANGE_LOOP_ANALYSIS = YES;
				CLANG_WARN_STRICT_PROTOTYPES = YES;
				CLANG_WARN_SUSPICIOUS_MOVE = YES;
				CLANG_WARN_UNGUARDED_AVAILABILITY = YES_AGGRESSIVE;
				CLANG_WARN_UNREACHABLE_CODE = YES;
				CLANG_WARN__DUPLICATE_METHOD_MATCH = YES;
				COPY_PHASE_STRIP = NO;
				DEBUG_INFORMATION_FORMAT = "dwarf-with-dsym";
				DEVELOPMENT_TEAM = 7N43PM3346;
				ENABLE_NS_ASSERTIONS = NO;
				ENABLE_STRICT_OBJC_MSGSEND = YES;
				ENABLE_USER_SCRIPT_SANDBOXING = YES;
				GCC_C_LANGUAGE_STANDARD = gnu17;
				GCC_NO_COMMON_BLOCKS = YES;
				GCC_WARN_64_TO_32_BIT_CONVERSION = YES;
				GCC_WARN_ABOUT_RETURN_TYPE = YES_ERROR;
				GCC_WARN_UNDECLARED_SELECTOR = YES;
				GCC_WARN_UNINITIALIZED_AUTOS = YES_AGGRESSIVE;
				GCC_WARN_UNUSED_FUNCTION = YES;
				GCC_WARN_UNUSED_VARIABLE = YES;
				IPHONEOS_DEPLOYMENT_TARGET = 26.2;
				LOCALIZATION_PREFERS_STRING_CATALOGS = YES;
				MTL_ENABLE_DEBUG_INFO = NO;
				MTL_FAST_MATH = YES;
				SDKROOT = iphoneos;
				SWIFT_COMPILATION_MODE = wholemodule;
				VALIDATE_PRODUCT = YES;
			};
			name = Release;
		};
		1927F9092F6022EA005AAAF5 /* Debug */ = {
			isa = XCBuildConfiguration;
			buildSettings = {
				ASSETCATALOG_COMPILER_APPICON_NAME = AppIcon;
				ASSETCATALOG_COMPILER_GLOBAL_ACCENT_COLOR_NAME = AccentColor;
				CODE_SIGN_STYLE = Automatic;
				CURRENT_PROJECT_VERSION = 1;
				DEVELOPMENT_TEAM = 7N43PM3346;
				ENABLE_PREVIEWS = YES;
				GENERATE_INFOPLIST_FILE = YES;
				INFOPLIST_KEY_UIApplicationSceneManifest_Generation = YES;
				INFOPLIST_KEY_UIApplicationSupportsIndirectInputEvents = YES;
				INFOPLIST_KEY_UILaunchScreen_Generation = YES;
				INFOPLIST_KEY_UISupportedInterfaceOrientations_iPad = "UIInterfaceOrientationPortrait UIInterfaceOrientationPortraitUpsideDown UIInterfaceOrientationLandscapeLeft UIInterfaceOrientationLandscapeRight";
				INFOPLIST_KEY_UISupportedInterfaceOrientations_iPhone = "UIInterfaceOrientationPortrait UIInterfaceOrientationLandscapeLeft UIInterfaceOrientationLandscapeRight";
				LD_RUNPATH_SEARCH_PATHS = (
					"$(inherited)",
					"@executable_path/Frameworks",
				);
				MARKETING_VERSION = 1.0;
				PRODUCT_BUNDLE_IDENTIFIER = walda.BachelorUIUX;
				PRODUCT_NAME = "$(TARGET_NAME)";
				STRING_CATALOG_GENERATE_SYMBOLS = YES;
				SWIFT_APPROACHABLE_CONCURRENCY = YES;
				SWIFT_DEFAULT_ACTOR_ISOLATION = MainActor;
				SWIFT_EMIT_LOC_STRINGS = YES;
				SWIFT_UPCOMING_FEATURE_MEMBER_IMPORT_VISIBILITY = YES;
				SWIFT_VERSION = 5.0;
				TARGETED_DEVICE_FAMILY = "1,2";
			};
			name = Debug;
		};
		1927F90A2F6022EA005AAAF5 /* Release */ = {
			isa = XCBuildConfiguration;
			buildSettings = {
				ASSETCATALOG_COMPILER_APPICON_NAME = AppIcon;
				ASSETCATALOG_COMPILER_GLOBAL_ACCENT_COLOR_NAME = AccentColor;
				CODE_SIGN_STYLE = Automatic;
				CURRENT_PROJECT_VERSION = 1;
				DEVELOPMENT_TEAM = 7N43PM3346;
				ENABLE_PREVIEWS = YES;
				GENERATE_INFOPLIST_FILE = YES;
				INFOPLIST_KEY_UIApplicationSceneManifest_Generation = YES;
				INFOPLIST_KEY_UIApplicationSupportsIndirectInputEvents = YES;
				INFOPLIST_KEY_UILaunchScreen_Generation = YES;
				INFOPLIST_KEY_UISupportedInterfaceOrientations_iPad = "UIInterfaceOrientationPortrait UIInterfaceOrientationPortraitUpsideDown UIInterfaceOrientationLandscapeLeft UIInterfaceOrientationLandscapeRight";
				INFOPLIST_KEY_UISupportedInterfaceOrientations_iPhone = "UIInterfaceOrientationPortrait UIInterfaceOrientationLandscapeLeft UIInterfaceOrientationLandscapeRight";
				LD_RUNPATH_SEARCH_PATHS = (
					"$(inherited)",
					"@executable_path/Frameworks",
				);
				MARKETING_VERSION = 1.0;
				PRODUCT_BUNDLE_IDENTIFIER = walda.BachelorUIUX;
				PRODUCT_NAME = "$(TARGET_NAME)";
				STRING_CATALOG_GENERATE_SYMBOLS = YES;
				SWIFT_APPROACHABLE_CONCURRENCY = YES;
				SWIFT_DEFAULT_ACTOR_ISOLATION = MainActor;
				SWIFT_EMIT_LOC_STRINGS = YES;
				SWIFT_UPCOMING_FEATURE_MEMBER_IMPORT_VISIBILITY = YES;
				SWIFT_VERSION = 5.0;
				TARGETED_DEVICE_FAMILY = "1,2";
			};
			name = Release;
		};
		1927F90C2F6022EA005AAAF5 /* Debug */ = {
			isa = XCBuildConfiguration;
			buildSettings = {
				BUNDLE_LOADER = "$(TEST_HOST)";
				CODE_SIGN_STYLE = Automatic;
				CURRENT_PROJECT_VERSION = 1;
				DEVELOPMENT_TEAM = 7N43PM3346;
				GENERATE_INFOPLIST_FILE = YES;
				IPHONEOS_DEPLOYMENT_TARGET = 26.2;
				MARKETING_VERSION = 1.0;
				PRODUCT_BUNDLE_IDENTIFIER = walda.BachelorUIUXTests;
				PRODUCT_NAME = "$(TARGET_NAME)";
				STRING_CATALOG_GENERATE_SYMBOLS = NO;
				SWIFT_APPROACHABLE_CONCURRENCY = YES;
				SWIFT_EMIT_LOC_STRINGS = NO;
				SWIFT_UPCOMING_FEATURE_MEMBER_IMPORT_VISIBILITY = YES;
				SWIFT_VERSION = 5.0;
				TARGETED_DEVICE_FAMILY = "1,2";
				TEST_HOST = "$(BUILT_PRODUCTS_DIR)/BachelorUIUX.app/$(BUNDLE_EXECUTABLE_FOLDER_PATH)/BachelorUIUX";
			};
			name = Debug;
		};
		1927F90D2F6022EA005AAAF5 /* Release */ = {
			isa = XCBuildConfiguration;
			buildSettings = {
				BUNDLE_LOADER = "$(TEST_HOST)";
				CODE_SIGN_STYLE = Automatic;
				CURRENT_PROJECT_VERSION = 1;
				DEVELOPMENT_TEAM = 7N43PM3346;
				GENERATE_INFOPLIST_FILE = YES;
				IPHONEOS_DEPLOYMENT_TARGET = 26.2;
				MARKETING_VERSION = 1.0;
				PRODUCT_BUNDLE_IDENTIFIER = walda.BachelorUIUXTests;
				PRODUCT_NAME = "$(TARGET_NAME)";
				STRING_CATALOG_GENERATE_SYMBOLS = NO;
				SWIFT_APPROACHABLE_CONCURRENCY = YES;
				SWIFT_EMIT_LOC_STRINGS = NO;
				SWIFT_UPCOMING_FEATURE_MEMBER_IMPORT_VISIBILITY = YES;
				SWIFT_VERSION = 5.0;
				TARGETED_DEVICE_FAMILY = "1,2";
				TEST_HOST = "$(BUILT_PRODUCTS_DIR)/BachelorUIUX.app/$(BUNDLE_EXECUTABLE_FOLDER_PATH)/BachelorUIUX";
			};
			name = Release;
		};
		1927F90F2F6022EA005AAAF5 /* Debug */ = {
			isa = XCBuildConfiguration;
			buildSettings = {
				CODE_SIGN_STYLE = Automatic;
				CURRENT_PROJECT_VERSION = 1;
				DEVELOPMENT_TEAM = 7N43PM3346;
				GENERATE_INFOPLIST_FILE = YES;
				MARKETING_VERSION = 1.0;
				PRODUCT_BUNDLE_IDENTIFIER = walda.BachelorUIUXUITests;
				PRODUCT_NAME = "$(TARGET_NAME)";
				STRING_CATALOG_GENERATE_SYMBOLS = NO;
				SWIFT_APPROACHABLE_CONCURRENCY = YES;
				SWIFT_EMIT_LOC_STRINGS = NO;
				SWIFT_UPCOMING_FEATURE_MEMBER_IMPORT_VISIBILITY = YES;
				SWIFT_VERSION = 5.0;
				TARGETED_DEVICE_FAMILY = "1,2";
				TEST_TARGET_NAME = BachelorUIUX;
			};
			name = Debug;
		};
		1927F9102F6022EA005AAAF5 /* Release */ = {
			isa = XCBuildConfiguration;
			buildSettings = {
				CODE_SIGN_STYLE = Automatic;
				CURRENT_PROJECT_VERSION = 1;
				DEVELOPMENT_TEAM = 7N43PM3346;
				GENERATE_INFOPLIST_FILE = YES;
				MARKETING_VERSION = 1.0;
				PRODUCT_BUNDLE_IDENTIFIER = walda.BachelorUIUXUITests;
				PRODUCT_NAME = "$(TARGET_NAME)";
				STRING_CATALOG_GENERATE_SYMBOLS = NO;
				SWIFT_APPROACHABLE_CONCURRENCY = YES;
				SWIFT_EMIT_LOC_STRINGS = NO;
				SWIFT_UPCOMING_FEATURE_MEMBER_IMPORT_VISIBILITY = YES;
				SWIFT_VERSION = 5.0;
				TARGETED_DEVICE_FAMILY = "1,2";
				TEST_TARGET_NAME = BachelorUIUX;
			};
			name = Release;
		};
/* End XCBuildConfiguration section */

/* Begin XCConfigurationList section */
		1927F8E22F6022E9005AAAF5 /* Build configuration list for PBXProject "BachelorUIUX" */ = {
			isa = XCConfigurationList;
			buildConfigurations = (
				1927F9062F6022EA005AAAF5 /* Debug */,
				1927F9072F6022EA005AAAF5 /* Release */,
			);
			defaultConfigurationIsVisible = 0;
			defaultConfigurationName = Release;
		};
		1927F9082F6022EA005AAAF5 /* Build configuration list for PBXNativeTarget "BachelorUIUX" */ = {
			isa = XCConfigurationList;
			buildConfigurations = (
				1927F9092F6022EA005AAAF5 /* Debug */,
				1927F90A2F6022EA005AAAF5 /* Release */,
			);
			defaultConfigurationIsVisible = 0;
			defaultConfigurationName = Release;
		};
		1927F90B2F6022EA005AAAF5 /* Build configuration list for PBXNativeTarget "BachelorUIUXTests" */ = {
			isa = XCConfigurationList;
			buildConfigurations = (
				1927F90C2F6022EA005AAAF5 /* Debug */,
				1927F90D2F6022EA005AAAF5 /* Release */,
			);
			defaultConfigurationIsVisible = 0;
			defaultConfigurationName = Release;
		};
		1927F90E2F6022EA005AAAF5 /* Build configuration list for PBXNativeTarget "BachelorUIUXUITests" */ = {
			isa = XCConfigurationList;
			buildConfigurations = (
				1927F90F2F6022EA005AAAF5 /* Debug */,
				1927F9102F6022EA005AAAF5 /* Release */,
			);
			defaultConfigurationIsVisible = 0;
			defaultConfigurationName = Release;
		};
/* End XCConfigurationList section */
	};
	rootObject = 1927F8DF2F6022E9005AAAF5 /* Project object */;
}
